{
    "name": "nodejs-app",
    "version": "1.0.0",
    "lockfileVersion": 2,
    "dependencies": {
      "express": {
        "version": "4.17.1",
        "resolved": "https://registry.npmjs.org/express/-/express-4.17.1.tgz",
        "integrity": "sha512-...",
        "dev": false
      },
      "jest": {
        "version": "27.0.6",
        "resolved": "https://registry.npmjs.org/jest/-/jest-27.0.6.tgz",
        "integrity": "sha512-...",
        "dev": true
      }
    }
  }
  